# THIS IS AN AUTOGENERATED FILE. DO NOT EDIT THIS FILE DIRECTLY.
# yarn lockfile v1


"@grafbase/sdk@^0.13.1":
  version "0.13.1"
  resolved "https://registry.yarnpkg.com/@grafbase/sdk/-/sdk-0.13.1.tgz#69a7ebcdaf135ab106fa17d8fb6304749170e515"
  integrity sha512-/SNcLv2Ci9I7xJ2lruczleRnOvRByRJEgzBkCk3S67ZtF4BpvnDPwgVMyYsgAqoLgDogNDG8kULPEc3i+Nwfrg==
  dependencies:
    dotenv "^16.1.4"
    type-fest "^3.9.0"

dotenv@^16.1.4:
  version "16.3.1"
  resolved "https://registry.yarnpkg.com/dotenv/-/dotenv-16.3.1.tgz#369034de7d7e5b120972693352a3bf112172cc3e"
  integrity sha512-IPzF4w4/Rd94bA9imS68tZBaYyBWSCE47V1RGuMrB94iyTOIEwRmVL2x/4An+6mETpLrKJ5hQkB8W4kFAadeIQ==

type-fest@^3.9.0:
  version "3.13.1"
  resolved "https://registry.yarnpkg.com/type-fest/-/type-fest-3.13.1.tgz#bb744c1f0678bea7543a2d1ec24e83e68e8c8706"
  integrity sha512-tLq3bSNx+xSpwvAJnzrK0Ep5CLNWjvFTOp71URMaAEWBfRb9nnJiBoUe0tF8bI4ZFO3omgBR6NvnbzVUT3Ly4g==
